{
  "name": "ava-api",
  "version": "1.0.0",
  "lockfileVersion": 3,
  "requires": true,
  "packages": {
    "": {
      "name": "ava-api",
      "version": "1.0.0",
      "dependencies": {
        "@supabase/supabase-js": "^2.49.4",
        "dotenv": "^16.4.7",
        "express": "^5.1.0",
        "openai": "^4.91.1",
        "axios": "^1.8.4"
      }
    }
  },
  "dependencies": {
    "@supabase/supabase-js": {
      "version": "^2.49.4",
      "resolved": "",
      "integrity": ""
    },
    "dotenv": {
      "version": "^16.4.7",
      "resolved": "",
      "integrity": ""
    },
    "express": {
      "version": "^5.1.0",
      "resolved": "",
      "integrity": ""
    },
    "openai": {
      "version": "^4.91.1",
      "resolved": "",
      "integrity": ""
    },
    "axios": {
      "version": "^1.8.4",
      "resolved": "",
      "integrity": ""
    }
  }
}
